
Microsoft Visual Studio Solution File, Format Version 12.00
# Visual Studio Version 17
VisualStudioVersion = 17.13.35825.156 d17.13
MinimumVisualStudioVersion = 10.0.40219.1
Project("{2150E333-8FDC-42A3-9474-1A3956D46DE8}") = "src", "src", "{02EA681E-C7D8-13C7-8484-4AC65E1B71E8}"
EndProject
Project("{FAE04EC0-301F-11D3-BF4B-00C04F79EFBC}") = "Play.Catalog.Service", "src\Play.Catalog.Service\Play.Catalog.Service.csproj", "{92A260F1-F324-4EB8-97C9-BE6F3F8FC428}"
EndProject
Global
	GlobalSection(SolutionConfigurationPlatforms) = preSolution
		Debug|Any CPU = Debug|Any CPU
		Release|Any CPU = Release|Any CPU
	EndGlobalSection
	GlobalSection(ProjectConfigurationPlatforms) = postSolution
		{92A260F1-F324-4EB8-97C9-BE6F3F8FC428}.Debug|Any CPU.ActiveCfg = Debug|Any CPU
		{92A260F1-F324-4EB8-97C9-BE6F3F8FC428}.Debug|Any CPU.Build.0 = Debug|Any CPU
		{92A260F1-F324-4EB8-97C9-BE6F3F8FC428}.Release|Any CPU.ActiveCfg = Release|Any CPU
		{92A260F1-F324-4EB8-97C9-BE6F3F8FC428}.Release|Any CPU.Build.0 = Release|Any CPU
	EndGlobalSection
	GlobalSection(SolutionProperties) = preSolution
		HideSolutionNode = FALSE
	EndGlobalSection
	GlobalSection(NestedProjects) = preSolution
		{92A260F1-F324-4EB8-97C9-BE6F3F8FC428} = {02EA681E-C7D8-13C7-8484-4AC65E1B71E8}
	EndGlobalSection
	GlobalSection(ExtensibilityGlobals) = postSolution
		SolutionGuid = {4C91F6F3-5EDC-45A0-B6B1-D9D150585E50}
	EndGlobalSection
EndGlobal
